// !$*UTF8*$!
{
	archiveVersion = 1;
	classes = {
	};
	objectVersion = 45;
	objects = {

/* Begin PBXBuildFile section */
		1D3623260D0F684500981E51 /* Player2AppDelegate.m in Sources */ = {isa = PBXBuildFile; fileRef = 1D3623250D0F684500981E51 /* Player2AppDelegate.m */; };
		1D60589B0D05DD56006BFB54 /* main.m in Sources */ = {isa = PBXBuildFile; fileRef = 29B97316FDCFA39411CA2CEA /* main.m */; };
		1D60589F0D05DD5A006BFB54 /* Foundation.framework in Frameworks */ = {isa = PBXBuildFile; fileRef = 1D30AB110D05D00D00671497 /* Foundation.framework */; };
		1DF5F4E00D08C38300B7A737 /* UIKit.framework in Frameworks */ = {isa = PBXBuildFile; fileRef = 1DF5F4DF0D08C38300B7A737 /* UIKit.framework */; };
		288765FD0DF74451002DB57D /* CoreGraphics.framework in Frameworks */ = {isa = PBXBuildFile; fileRef = 288765FC0DF74451002DB57D /* CoreGraphics.framework */; };
		28AD733F0D9D9553002E5188 /* MainWindow.xib in Resources */ = {isa = PBXBuildFile; fileRef = 28AD733E0D9D9553002E5188 /* MainWindow.xib */; };
		8061CC7F11CFD524007A83A5 /* server.m in Sources */ = {isa = PBXBuildFile; fileRef = 80CA48AD11B81787007D8A88 /* server.m */; };
		8061CC8011CFD524007A83A5 /* server.h in Sources */ = {isa = PBXBuildFile; fileRef = 808226F911C9A003006926AD /* server.h */; };
		8061CC8111CFD524007A83A5 /* food_rpc2.h in Sources */ = {isa = PBXBuildFile; fileRef = 80791BB311CD7A3900F20F00 /* food_rpc2.h */; };
		8061CC8211CFD524007A83A5 /* food_rpc2.c in Sources */ = {isa = PBXBuildFile; fileRef = 807BC4D411CD293000B97139 /* food_rpc2.c */; };
		807BC4D611CD293000B97139 /* food_rpc2.c in Sources */ = {isa = PBXBuildFile; fileRef = 807BC4D411CD293000B97139 /* food_rpc2.c */; };
		809F39F611C56E0300BEA734 /* QuartzCore.framework in Frameworks */ = {isa = PBXBuildFile; fileRef = 809F39F511C56E0300BEA734 /* QuartzCore.framework */; };
		809F3A9511C57AFC00BEA734 /* FlashViewController.m in Sources */ = {isa = PBXBuildFile; fileRef = 809F3A9411C57AFC00BEA734 /* FlashViewController.m */; };
		80B703BB11CFCDD40039423C /* PluginFlashView.h in Headers */ = {isa = PBXBuildFile; fileRef = 80B703B911CFCDD40039423C /* PluginFlashView.h */; };
		80B703BC11CFCDD40039423C /* PluginFlashView.m in Sources */ = {isa = PBXBuildFile; fileRef = 80B703BA11CFCDD40039423C /* PluginFlashView.m */; };
		80CA48AE11B81787007D8A88 /* server.m in Sources */ = {isa = PBXBuildFile; fileRef = 80CA48AD11B81787007D8A88 /* server.m */; };
		80F3EB5811C9499A00BDD41B /* FlashView.m in Sources */ = {isa = PBXBuildFile; fileRef = 80F3EB5711C9499A00BDD41B /* FlashView.m */; };
/* End PBXBuildFile section */

/* Begin PBXFileReference section */
		1D30AB110D05D00D00671497 /* Foundation.framework */ = {isa = PBXFileReference; lastKnownFileType = wrapper.framework; name = Foundation.framework; path = System/Library/Frameworks/Foundation.framework; sourceTree = SDKROOT; };
		1D3623240D0F684500981E51 /* Player2AppDelegate.h */ = {isa = PBXFileReference; fileEncoding = 4; lastKnownFileType = sourcecode.c.h; path = Player2AppDelegate.h; sourceTree = "<group>"; };
		1D3623250D0F684500981E51 /* Player2AppDelegate.m */ = {isa = PBXFileReference; fileEncoding = 4; lastKnownFileType = sourcecode.c.objc; path = Player2AppDelegate.m; sourceTree = "<group>"; };
		1D6058910D05DD3D006BFB54 /* Player2.app */ = {isa = PBXFileReference; explicitFileType = wrapper.application; includeInIndex = 0; path = Player2.app; sourceTree = BUILT_PRODUCTS_DIR; };
		1DF5F4DF0D08C38300B7A737 /* UIKit.framework */ = {isa = PBXFileReference; lastKnownFileType = wrapper.framework; name = UIKit.framework; path = System/Library/Frameworks/UIKit.framework; sourceTree = SDKROOT; };
		288765FC0DF74451002DB57D /* CoreGraphics.framework */ = {isa = PBXFileReference; lastKnownFileType = wrapper.framework; name = CoreGraphics.framework; path = System/Library/Frameworks/CoreGraphics.framework; sourceTree = SDKROOT; };
		28AD733E0D9D9553002E5188 /* MainWindow.xib */ = {isa = PBXFileReference; lastKnownFileType = file.xib; path = MainWindow.xib; sourceTree = "<group>"; };
		29B97316FDCFA39411CA2CEA /* main.m */ = {isa = PBXFileReference; fileEncoding = 4; lastKnownFileType = sourcecode.c.objc; path = main.m; sourceTree = "<group>"; };
		32CA4F630368D1EE00C91783 /* Player2_Prefix.pch */ = {isa = PBXFileReference; fileEncoding = 4; lastKnownFileType = sourcecode.c.h; path = Player2_Prefix.pch; sourceTree = "<group>"; };
		80791BB311CD7A3900F20F00 /* food_rpc2.h */ = {isa = PBXFileReference; fileEncoding = 4; lastKnownFileType = sourcecode.c.h; path = food_rpc2.h; sourceTree = "<group>"; };
		807BC4D411CD293000B97139 /* food_rpc2.c */ = {isa = PBXFileReference; fileEncoding = 4; lastKnownFileType = sourcecode.c.c; path = food_rpc2.c; sourceTree = "<group>"; };
		808226F911C9A003006926AD /* server.h */ = {isa = PBXFileReference; fileEncoding = 4; lastKnownFileType = sourcecode.c.h; name = server.h; path = Classes/server.h; sourceTree = "<group>"; };
		809F398911C56AD400BEA734 /* IOMobileFramebuffer.h */ = {isa = PBXFileReference; fileEncoding = 4; lastKnownFileType = sourcecode.c.h; path = IOMobileFramebuffer.h; sourceTree = "<group>"; };
		809F398A11C56AD400BEA734 /* IOSurface.h */ = {isa = PBXFileReference; fileEncoding = 4; lastKnownFileType = sourcecode.c.h; path = IOSurface.h; sourceTree = "<group>"; };
		809F398B11C56AD400BEA734 /* IOSurfaceAPI.h */ = {isa = PBXFileReference; fileEncoding = 4; lastKnownFileType = sourcecode.c.h; path = IOSurfaceAPI.h; sourceTree = "<group>"; };
		809F398C11C56AD400BEA734 /* IOSurfaceBase.h */ = {isa = PBXFileReference; fileEncoding = 4; lastKnownFileType = sourcecode.c.h; path = IOSurfaceBase.h; sourceTree = "<group>"; };
		809F39F511C56E0300BEA734 /* QuartzCore.framework */ = {isa = PBXFileReference; lastKnownFileType = wrapper.framework; name = QuartzCore.framework; path = System/Library/Frameworks/QuartzCore.framework; sourceTree = SDKROOT; };
		809F3A9311C57AFC00BEA734 /* FlashViewController.h */ = {isa = PBXFileReference; fileEncoding = 4; lastKnownFileType = sourcecode.c.h; path = FlashViewController.h; sourceTree = "<group>"; };
		809F3A9411C57AFC00BEA734 /* FlashViewController.m */ = {isa = PBXFileReference; fileEncoding = 4; lastKnownFileType = sourcecode.c.objc; path = FlashViewController.m; sourceTree = "<group>"; };
		80B703B911CFCDD40039423C /* PluginFlashView.h */ = {isa = PBXFileReference; fileEncoding = 4; lastKnownFileType = sourcecode.c.h; name = PluginFlashView.h; path = Classes/PluginFlashView.h; sourceTree = "<group>"; };
		80B703BA11CFCDD40039423C /* PluginFlashView.m */ = {isa = PBXFileReference; fileEncoding = 4; lastKnownFileType = sourcecode.c.objc; name = PluginFlashView.m; path = Classes/PluginFlashView.m; sourceTree = "<group>"; };
		80CA48AD11B81787007D8A88 /* server.m */ = {isa = PBXFileReference; fileEncoding = 4; lastKnownFileType = sourcecode.c.objc; path = server.m; sourceTree = "<group>"; };
		80F3EB5611C9499A00BDD41B /* FlashView.h */ = {isa = PBXFileReference; fileEncoding = 4; lastKnownFileType = sourcecode.c.h; path = FlashView.h; sourceTree = "<group>"; };
		80F3EB5711C9499A00BDD41B /* FlashView.m */ = {isa = PBXFileReference; fileEncoding = 4; lastKnownFileType = sourcecode.c.objc; path = FlashView.m; sourceTree = "<group>"; };
		8D1107310486CEB800E47090 /* Player2-Info.plist */ = {isa = PBXFileReference; fileEncoding = 4; lastKnownFileType = text.plist.xml; path = "Player2-Info.plist"; plistStructureDefinitionIdentifier = "com.apple.xcode.plist.structure-definition.iphone.info-plist"; sourceTree = "<group>"; };
/* End PBXFileReference section */

/* Begin PBXFrameworksBuildPhase section */
		1D60588F0D05DD3D006BFB54 /* Frameworks */ = {
			isa = PBXFrameworksBuildPhase;
			buildActionMask = 2147483647;
			files = (
				1D60589F0D05DD5A006BFB54 /* Foundation.framework in Frameworks */,
				1DF5F4E00D08C38300B7A737 /* UIKit.framework in Frameworks */,
				288765FD0DF74451002DB57D /* CoreGraphics.framework in Frameworks */,
				809F39F611C56E0300BEA734 /* QuartzCore.framework in Frameworks */,
			);
			runOnlyForDeploymentPostprocessing = 0;
		};
		80B7039D11CF15CB0039423C /* Frameworks */ = {
			isa = PBXFrameworksBuildPhase;
			buildActionMask = 2147483647;
			files = (
			);
			runOnlyForDeploymentPostprocessing = 0;
		};
/* End PBXFrameworksBuildPhase section */

/* Begin PBXGroup section */
		080E96DDFE201D6D7F000001 /* Classes (Standalone) */ = {
			isa = PBXGroup;
			children = (
				1D3623240D0F684500981E51 /* Player2AppDelegate.h */,
				1D3623250D0F684500981E51 /* Player2AppDelegate.m */,
				809F3A9311C57AFC00BEA734 /* FlashViewController.h */,
				809F3A9411C57AFC00BEA734 /* FlashViewController.m */,
				80F3EB5611C9499A00BDD41B /* FlashView.h */,
				80F3EB5711C9499A00BDD41B /* FlashView.m */,
			);
			name = "Classes (Standalone)";
			path = Classes;
			sourceTree = "<group>";
		};
		19C28FACFE9D520D11CA2CBB /* Products */ = {
			isa = PBXGroup;
			children = (
				1D6058910D05DD3D006BFB54 /* Player2.app */,
			);
			name = Products;
			sourceTree = "<group>";
		};
		29B97314FDCFA39411CA2CEA /* CustomTemplate */ = {
			isa = PBXGroup;
			children = (
				080E96DDFE201D6D7F000001 /* Classes (Standalone) */,
				8061CCA811CFE2A6007A83A5 /* Classes (Plugin) */,
				29B97315FDCFA39411CA2CEA /* Other Sources */,
				29B97317FDCFA39411CA2CEA /* Resources */,
				29B97323FDCFA39411CA2CEA /* Frameworks */,
				19C28FACFE9D520D11CA2CBB /* Products */,
			);
			name = CustomTemplate;
			sourceTree = "<group>";
		};
		29B97315FDCFA39411CA2CEA /* Other Sources */ = {
			isa = PBXGroup;
			children = (
				80CA48AD11B81787007D8A88 /* server.m */,
				808226F911C9A003006926AD /* server.h */,
				80791BB311CD7A3900F20F00 /* food_rpc2.h */,
				807BC4D411CD293000B97139 /* food_rpc2.c */,
				809F398811C56AD400BEA734 /* IOSurface */,
				32CA4F630368D1EE00C91783 /* Player2_Prefix.pch */,
				29B97316FDCFA39411CA2CEA /* main.m */,
			);
			name = "Other Sources";
			sourceTree = "<group>";
		};
		29B97317FDCFA39411CA2CEA /* Resources */ = {
			isa = PBXGroup;
			children = (
				28AD733E0D9D9553002E5188 /* MainWindow.xib */,
				8D1107310486CEB800E47090 /* Player2-Info.plist */,
			);
			name = Resources;
			sourceTree = "<group>";
		};
		29B97323FDCFA39411CA2CEA /* Frameworks */ = {
			isa = PBXGroup;
			children = (
				809F39F511C56E0300BEA734 /* QuartzCore.framework */,
				1DF5F4DF0D08C38300B7A737 /* UIKit.framework */,
				1D30AB110D05D00D00671497 /* Foundation.framework */,
				288765FC0DF74451002DB57D /* CoreGraphics.framework */,
			);
			name = Frameworks;
			sourceTree = "<group>";
		};
		8061CCA811CFE2A6007A83A5 /* Classes (Plugin) */ = {
			isa = PBXGroup;
			children = (
				80B703B911CFCDD40039423C /* PluginFlashView.h */,
				80B703BA11CFCDD40039423C /* PluginFlashView.m */,
			);
			name = "Classes (Plugin)";
			sourceTree = "<group>";
		};
		809F398811C56AD400BEA734 /* IOSurface */ = {
			isa = PBXGroup;
			children = (
				809F398911C56AD400BEA734 /* IOMobileFramebuffer.h */,
				809F398A11C56AD400BEA734 /* IOSurface.h */,
				809F398B11C56AD400BEA734 /* IOSurfaceAPI.h */,
				809F398C11C56AD400BEA734 /* IOSurfaceBase.h */,
			);
			path = IOSurface;
			sourceTree = "<group>";
		};
/* End PBXGroup section */

/* Begin PBXHeadersBuildPhase section */
		80B7039B11CF15CB0039423C /* Headers */ = {
			isa = PBXHeadersBuildPhase;
			buildActionMask = 2147483647;
			files = (
				80B703BB11CFCDD40039423C /* PluginFlashView.h in Headers */,
			);
			runOnlyForDeploymentPostprocessing = 0;
		};
/* End PBXHeadersBuildPhase section */

/* Begin PBXNativeTarget section */
		1D6058900D05DD3D006BFB54 /* Player2 */ = {
			isa = PBXNativeTarget;
			buildConfigurationList = 1D6058960D05DD3E006BFB54 /* Build configuration list for PBXNativeTarget "Player2" */;
			buildPhases = (
				1D60588D0D05DD3D006BFB54 /* Resources */,
				1D60588E0D05DD3D006BFB54 /* Sources */,
				1D60588F0D05DD3D006BFB54 /* Frameworks */,
			);
			buildRules = (
			);
			dependencies = (
			);
			name = Player2;
			productName = Player2;
			productReference = 1D6058910D05DD3D006BFB54 /* Player2.app */;
			productType = "com.apple.product-type.application";
		};
		80B7039E11CF15CB0039423C /* Plugin */ = {
			isa = PBXNativeTarget;
			buildConfigurationList = 80B703A911CF15E10039423C /* Build configuration list for PBXNativeTarget "Plugin" */;
			buildPhases = (
				80B7039B11CF15CB0039423C /* Headers */,
				80B7039C11CF15CB0039423C /* Sources */,
				80B7039D11CF15CB0039423C /* Frameworks */,
			);
			buildRules = (
			);
			dependencies = (
			);
			name = Plugin;
			productName = Plugin;
			productType = "com.apple.product-type.library.dynamic";
		};
/* End PBXNativeTarget section */

/* Begin PBXProject section */
		29B97313FDCFA39411CA2CEA /* Project object */ = {
			isa = PBXProject;
			buildConfigurationList = C01FCF4E08A954540054247B /* Build configuration list for PBXProject "Player2" */;
			compatibilityVersion = "Xcode 3.1";
			hasScannedForEncodings = 1;
			mainGroup = 29B97314FDCFA39411CA2CEA /* CustomTemplate */;
			projectDirPath = "";
			projectRoot = "";
			targets = (
				1D6058900D05DD3D006BFB54 /* Player2 */,
				80B7039E11CF15CB0039423C /* Plugin */,
			);
		};
/* End PBXProject section */

/* Begin PBXResourcesBuildPhase section */
		1D60588D0D05DD3D006BFB54 /* Resources */ = {
			isa = PBXResourcesBuildPhase;
			buildActionMask = 2147483647;
			files = (
				28AD733F0D9D9553002E5188 /* MainWindow.xib in Resources */,
			);
			runOnlyForDeploymentPostprocessing = 0;
		};
/* End PBXResourcesBuildPhase section */

/* Begin PBXSourcesBuildPhase section */
		1D60588E0D05DD3D006BFB54 /* Sources */ = {
			isa = PBXSourcesBuildPhase;
			buildActionMask = 2147483647;
			files = (
				1D60589B0D05DD56006BFB54 /* main.m in Sources */,
				1D3623260D0F684500981E51 /* Player2AppDelegate.m in Sources */,
				80CA48AE11B81787007D8A88 /* server.m in Sources */,
				809F3A9511C57AFC00BEA734 /* FlashViewController.m in Sources */,
				80F3EB5811C9499A00BDD41B /* FlashView.m in Sources */,
				807BC4D611CD293000B97139 /* food_rpc2.c in Sources */,
			);
			runOnlyForDeploymentPostprocessing = 0;
		};
		80B7039C11CF15CB0039423C /* Sources */ = {
			isa = PBXSourcesBuildPhase;
			buildActionMask = 2147483647;
			files = (
				8061CC7F11CFD524007A83A5 /* server.m in Sources */,
				8061CC8011CFD524007A83A5 /* server.h in Sources */,
				8061CC8111CFD524007A83A5 /* food_rpc2.h in Sources */,
				8061CC8211CFD524007A83A5 /* food_rpc2.c in Sources */,
				80B703BC11CFCDD40039423C /* PluginFlashView.m in Sources */,
			);
			runOnlyForDeploymentPostprocessing = 0;
		};
/* End PBXSourcesBuildPhase section */

/* Begin XCBuildConfiguration section */
		1D6058940D05DD3E006BFB54 /* Debug */ = {
			isa = XCBuildConfiguration;
			buildSettings = {
				ALWAYS_SEARCH_USER_PATHS = NO;
				COPY_PHASE_STRIP = NO;
				GCC_DYNAMIC_NO_PIC = NO;
				GCC_OPTIMIZATION_LEVEL = 0;
				GCC_PRECOMPILE_PREFIX_HEADER = YES;
				GCC_PREFIX_HEADER = Player2_Prefix.pch;
				INFOPLIST_FILE = "Player2-Info.plist";
				PRODUCT_NAME = Player2;
			};
			name = Debug;
		};
		1D6058950D05DD3E006BFB54 /* Release */ = {
			isa = XCBuildConfiguration;
			buildSettings = {
				ALWAYS_SEARCH_USER_PATHS = NO;
				COPY_PHASE_STRIP = YES;
				GCC_PRECOMPILE_PREFIX_HEADER = YES;
				GCC_PREFIX_HEADER = Player2_Prefix.pch;
				INFOPLIST_FILE = "Player2-Info.plist";
				PRODUCT_NAME = Player2;
				VALIDATE_PRODUCT = YES;
			};
			name = Release;
		};
		80B7039F11CF15CB0039423C /* Debug */ = {
			isa = XCBuildConfiguration;
			buildSettings = {
				ALWAYS_SEARCH_USER_PATHS = NO;
				COPY_PHASE_STRIP = NO;
				DYLIB_COMPATIBILITY_VERSION = 1;
				DYLIB_CURRENT_VERSION = 1;
				FRAMEWORK_SEARCH_PATHS = /System/Library/PrivateFrameworks;
				GCC_DYNAMIC_NO_PIC = NO;
				GCC_ENABLE_FIX_AND_CONTINUE = YES;
				GCC_MODEL_TUNING = G5;
				GCC_OPTIMIZATION_LEVEL = 0;
				GCC_PRECOMPILE_PREFIX_HEADER = YES;
				GCC_PREFIX_HEADER = "";
				INSTALL_PATH = /usr/local/lib;
				OTHER_LDFLAGS = (
					"-framework",
					Foundation,
					"-framework",
					CoreFoundation,
					"-framework",
					QuartzCore,
					"-framework",
					CoreGraphics,
					"-framework",
					IOSurface,
					"-framework",
					UIKit,
				);
				PREBINDING = NO;
				PRODUCT_NAME = Plugin;
			};
			name = Debug;
		};
		80B703A011CF15CB0039423C /* Release */ = {
			isa = XCBuildConfiguration;
			buildSettings = {
				ALWAYS_SEARCH_USER_PATHS = NO;
				COPY_PHASE_STRIP = YES;
				DEBUG_INFORMATION_FORMAT = "dwarf-with-dsym";
				DYLIB_COMPATIBILITY_VERSION = 1;
				DYLIB_CURRENT_VERSION = 1;
				FRAMEWORK_SEARCH_PATHS = /System/Library/PrivateFrameworks;
				GCC_ENABLE_FIX_AND_CONTINUE = NO;
				GCC_MODEL_TUNING = G5;
				GCC_PRECOMPILE_PREFIX_HEADER = YES;
				GCC_PREFIX_HEADER = "";
				INSTALL_PATH = /usr/local/lib;
				OTHER_LDFLAGS = (
					"-framework",
					Foundation,
					"-framework",
					CoreFoundation,
					"-framework",
					QuartzCore,
					"-framework",
					CoreGraphics,
					"-framework",
					IOSurface,
					"-framework",
					UIKit,
				);
				PREBINDING = NO;
				PRODUCT_NAME = Plugin;
				ZERO_LINK = NO;
			};
			name = Release;
		};
		C01FCF4F08A954540054247B /* Debug */ = {
			isa = XCBuildConfiguration;
			buildSettings = {
				ARCHS = armv7;
				CODE_SIGN_ENTITLEMENTS = Entitlements.plist;
				CODE_SIGN_IDENTITY = "Don't Code Sign";
				"CODE_SIGN_IDENTITY[sdk=iphoneos*]" = "iPhone Developer: comex";
				GCC_C_LANGUAGE_STANDARD = c99;
				GCC_PREPROCESSOR_DEFINITIONS = "stream_t=int";
				GCC_TREAT_IMPLICIT_FUNCTION_DECLARATIONS_AS_ERRORS = YES;
				GCC_TREAT_WARNINGS_AS_ERRORS = YES;
				GCC_WARN_ABOUT_RETURN_TYPE = YES;
				GCC_WARN_UNUSED_VARIABLE = NO;
				HEADER_SEARCH_PATHS = "${PROJECT_DIR}";
				OTHER_CODE_SIGN_FLAGS = "-gta";
				OTHER_LDFLAGS = (
					"-F/var/sdk/System/Library/PrivateFrameworks",
					"-framework",
					IOSurface,
				);
				PREBINDING = NO;
				SDKROOT = iphoneos3.1.3;
			};
			name = Debug;
		};
		C01FCF5008A954540054247B /* Release */ = {
			isa = XCBuildConfiguration;
			buildSettings = {
				ARCHS = armv7;
				CODE_SIGN_ENTITLEMENTS = Entitlements.plist;
				CODE_SIGN_IDENTITY = "Don't Code Sign";
				"CODE_SIGN_IDENTITY[sdk=iphoneos*]" = "iPhone Developer: comex";
				GCC_C_LANGUAGE_STANDARD = c99;
				GCC_PREPROCESSOR_DEFINITIONS = "stream_t=int";
				GCC_TREAT_IMPLICIT_FUNCTION_DECLARATIONS_AS_ERRORS = YES;
				GCC_TREAT_WARNINGS_AS_ERRORS = YES;
				GCC_WARN_ABOUT_RETURN_TYPE = YES;
				GCC_WARN_UNUSED_VARIABLE = NO;
				HEADER_SEARCH_PATHS = "${PROJECT_DIR}";
				OTHER_CFLAGS = "-DNS_BLOCK_ASSERTIONS=1";
				OTHER_CODE_SIGN_FLAGS = "-gta";
				OTHER_LDFLAGS = (
					"-F/var/sdk/System/Library/PrivateFrameworks",
					"-framework",
					IOSurface,
				);
				PREBINDING = NO;
				SDKROOT = iphoneos3.1.3;
			};
			name = Release;
		};
/* End XCBuildConfiguration section */

/* Begin XCConfigurationList section */
		1D6058960D05DD3E006BFB54 /* Build configuration list for PBXNativeTarget "Player2" */ = {
			isa = XCConfigurationList;
			buildConfigurations = (
				1D6058940D05DD3E006BFB54 /* Debug */,
				1D6058950D05DD3E006BFB54 /* Release */,
			);
			defaultConfigurationIsVisible = 0;
			defaultConfigurationName = Release;
		};
		80B703A911CF15E10039423C /* Build configuration list for PBXNativeTarget "Plugin" */ = {
			isa = XCConfigurationList;
			buildConfigurations = (
				80B7039F11CF15CB0039423C /* Debug */,
				80B703A011CF15CB0039423C /* Release */,
			);
			defaultConfigurationIsVisible = 0;
			defaultConfigurationName = Release;
		};
		C01FCF4E08A954540054247B /* Build configuration list for PBXProject "Player2" */ = {
			isa = XCConfigurationList;
			buildConfigurations = (
				C01FCF4F08A954540054247B /* Debug */,
				C01FCF5008A954540054247B /* Release */,
			);
			defaultConfigurationIsVisible = 0;
			defaultConfigurationName = Release;
		};
/* End XCConfigurationList section */
	};
	rootObject = 29B97313FDCFA39411CA2CEA /* Project object */;
}
